
Microsoft Visual Studio Solution File, Format Version 12.00
# Visual Studio 14
VisualStudioVersion = 14.0.25420.1
MinimumVisualStudioVersion = 10.0.40219.1
Project("{FAE04EC0-301F-11D3-BF4B-00C04F79EFBC}") = "CampusManagement", "CampusManagement\CampusManagement.csproj", "{9CFFA4FD-203B-47A0-8C6E-B3661D99E17E}"
EndProject
Global
	GlobalSection(SolutionConfigurationPlatforms) = preSolution
		Debug|Any CPU = Debug|Any CPU
		Release|Any CPU = Release|Any CPU
	EndGlobalSection
	GlobalSection(ProjectConfigurationPlatforms) = postSolution
		{9CFFA4FD-203B-47A0-8C6E-B3661D99E17E}.Debug|Any CPU.ActiveCfg = Debug|Any CPU
		{9CFFA4FD-203B-47A0-8C6E-B3661D99E17E}.Debug|Any CPU.Build.0 = Debug|Any CPU
		{9CFFA4FD-203B-47A0-8C6E-B3661D99E17E}.Release|Any CPU.ActiveCfg = Release|Any CPU
		{9CFFA4FD-203B-47A0-8C6E-B3661D99E17E}.Release|Any CPU.Build.0 = Release|Any CPU
	EndGlobalSection
	GlobalSection(SolutionProperties) = preSolution
		HideSolutionNode = FALSE
	EndGlobalSection
	GlobalSection(ExtensibilityGlobals) = postSolution
		SolutionGuid = {307BA242-98BA-4FEE-8723-6888BF18B7A4}
	EndGlobalSection
EndGlobal
